// !$*UTF8*$!
{
	archiveVersion = 1;
	classes = {
	};
	objectVersion = 46;
	objects = {

/* Begin PBXAggregateTarget section */
		"PopgenKit::PopgenKitPackageTests::ProductTarget" /* PopgenKitPackageTests */ = {
			isa = PBXAggregateTarget;
			buildConfigurationList = OBJ_31 /* Build configuration list for PBXAggregateTarget "PopgenKitPackageTests" */;
			buildPhases = (
			);
			dependencies = (
				OBJ_34 /* PBXTargetDependency */,
			);
			name = PopgenKitPackageTests;
			productName = PopgenKitPackageTests;
		};
/* End PBXAggregateTarget section */

/* Begin PBXBuildFile section */
		2A27F67522B028A400EEF569 /* Frequencies.swift in Sources */ = {isa = PBXBuildFile; fileRef = 2A27F66922B028A400EEF569 /* Frequencies.swift */; };
		2A37361822B294AD0028726D /* arapat.csv in CopyFiles */ = {isa = PBXBuildFile; fileRef = 2A37361622B293A30028726D /* arapat.csv */; };
		2A37361A22B294E50028726D /* arapat.csv in CopyFiles */ = {isa = PBXBuildFile; fileRef = 2A37361622B293A30028726D /* arapat.csv */; };
		2A37361E22B2B65E0028726D /* GeneticDiversityType.swift in Sources */ = {isa = PBXBuildFile; fileRef = 2A37361D22B2B65E0028726D /* GeneticDiversityType.swift */; };
		2A82418E22B3D16A0026F443 /* GeneticDiversity.swift in Sources */ = {isa = PBXBuildFile; fileRef = 2A82418D22B3D16A0026F443 /* GeneticDiversity.swift */; };
		2A82419022B3D51F0026F443 /* MatrixAdaptable.swift in Sources */ = {isa = PBXBuildFile; fileRef = 2A82418F22B3D51F0026F443 /* MatrixAdaptable.swift */; };
		2A82419922B3D8520026F443 /* FileIO.swift in Sources */ = {isa = PBXBuildFile; fileRef = 2A82419722B3D8520026F443 /* FileIO.swift */; };
		2A82419A22B3D8520026F443 /* FileIO.swift in Sources */ = {isa = PBXBuildFile; fileRef = 2A82419722B3D8520026F443 /* FileIO.swift */; };
		2A82419B22B3D8520026F443 /* InputFileFormat.swift in Sources */ = {isa = PBXBuildFile; fileRef = 2A82419822B3D8520026F443 /* InputFileFormat.swift */; };
		2A82419C22B3D8520026F443 /* InputFileFormat.swift in Sources */ = {isa = PBXBuildFile; fileRef = 2A82419822B3D8520026F443 /* InputFileFormat.swift */; };
		2A8241A222B3D8680026F443 /* Individual.swift in Sources */ = {isa = PBXBuildFile; fileRef = 2A82419D22B3D8680026F443 /* Individual.swift */; };
		2A8241A322B3D8680026F443 /* Individual.swift in Sources */ = {isa = PBXBuildFile; fileRef = 2A82419D22B3D8680026F443 /* Individual.swift */; };
		2A8241A422B3D8680026F443 /* Coordinate.swift in Sources */ = {isa = PBXBuildFile; fileRef = 2A82419E22B3D8680026F443 /* Coordinate.swift */; };
		2A8241A522B3D8680026F443 /* Coordinate.swift in Sources */ = {isa = PBXBuildFile; fileRef = 2A82419E22B3D8680026F443 /* Coordinate.swift */; };
		2A8241A622B3D8680026F443 /* Locus.swift in Sources */ = {isa = PBXBuildFile; fileRef = 2A82419F22B3D8680026F443 /* Locus.swift */; };
		2A8241A722B3D8680026F443 /* Locus.swift in Sources */ = {isa = PBXBuildFile; fileRef = 2A82419F22B3D8680026F443 /* Locus.swift */; };
		2A8241A822B3D8680026F443 /* Population.swift in Sources */ = {isa = PBXBuildFile; fileRef = 2A8241A022B3D8680026F443 /* Population.swift */; };
		2A8241A922B3D8680026F443 /* Population.swift in Sources */ = {isa = PBXBuildFile; fileRef = 2A8241A022B3D8680026F443 /* Population.swift */; };
		2A8241AA22B3D8680026F443 /* Genotype.swift in Sources */ = {isa = PBXBuildFile; fileRef = 2A8241A122B3D8680026F443 /* Genotype.swift */; };
		2A8241AB22B3D8680026F443 /* Genotype.swift in Sources */ = {isa = PBXBuildFile; fileRef = 2A8241A122B3D8680026F443 /* Genotype.swift */; };
		2A8241AF22B3D87B0026F443 /* Array.swift in Sources */ = {isa = PBXBuildFile; fileRef = 2A8241AC22B3D87B0026F443 /* Array.swift */; };
		2A8241B022B3D87B0026F443 /* Array.swift in Sources */ = {isa = PBXBuildFile; fileRef = 2A8241AC22B3D87B0026F443 /* Array.swift */; };
		2A8241B122B3D87B0026F443 /* Vector.swift in Sources */ = {isa = PBXBuildFile; fileRef = 2A8241AD22B3D87B0026F443 /* Vector.swift */; };
		2A8241B222B3D87B0026F443 /* Vector.swift in Sources */ = {isa = PBXBuildFile; fileRef = 2A8241AD22B3D87B0026F443 /* Vector.swift */; };
		2A8241B322B3D87B0026F443 /* Matrix.swift in Sources */ = {isa = PBXBuildFile; fileRef = 2A8241AE22B3D87B0026F443 /* Matrix.swift */; };
		2A8241B422B3D87B0026F443 /* Matrix.swift in Sources */ = {isa = PBXBuildFile; fileRef = 2A8241AE22B3D87B0026F443 /* Matrix.swift */; };
		2A8241BF22B3D8AC0026F443 /* FileIOTests.swift in Sources */ = {isa = PBXBuildFile; fileRef = 2A8241B522B3D8AC0026F443 /* FileIOTests.swift */; };
		2A8241C322B3D8AC0026F443 /* FrequenciesTests.swift in Sources */ = {isa = PBXBuildFile; fileRef = 2A8241B722B3D8AC0026F443 /* FrequenciesTests.swift */; };
		2A8241C522B3D8AC0026F443 /* PopulationTests.swift in Sources */ = {isa = PBXBuildFile; fileRef = 2A8241B822B3D8AC0026F443 /* PopulationTests.swift */; };
		2A8241C722B3D8AC0026F443 /* CoordinateTests.swift in Sources */ = {isa = PBXBuildFile; fileRef = 2A8241B922B3D8AC0026F443 /* CoordinateTests.swift */; };
		2A8241C922B3D8AC0026F443 /* LocusTests.swift in Sources */ = {isa = PBXBuildFile; fileRef = 2A8241BA22B3D8AC0026F443 /* LocusTests.swift */; };
		2A8241CB22B3D8AC0026F443 /* IndividualTests.swift in Sources */ = {isa = PBXBuildFile; fileRef = 2A8241BB22B3D8AC0026F443 /* IndividualTests.swift */; };
		2A8241CD22B3D8AD0026F443 /* GenotypeTests.swift in Sources */ = {isa = PBXBuildFile; fileRef = 2A8241BC22B3D8AC0026F443 /* GenotypeTests.swift */; };
		2A8241CF22B3D8AD0026F443 /* ArrayTests.swift in Sources */ = {isa = PBXBuildFile; fileRef = 2A8241BD22B3D8AC0026F443 /* ArrayTests.swift */; };
		2A8241D322B3DB760026F443 /* Frequencies.swift in Sources */ = {isa = PBXBuildFile; fileRef = 2A27F66922B028A400EEF569 /* Frequencies.swift */; };
		2A8241D422B3DB760026F443 /* GeneticDiversityType.swift in Sources */ = {isa = PBXBuildFile; fileRef = 2A37361D22B2B65E0028726D /* GeneticDiversityType.swift */; };
		2A8241D522B3DB760026F443 /* GeneticDiversity.swift in Sources */ = {isa = PBXBuildFile; fileRef = 2A82418D22B3D16A0026F443 /* GeneticDiversity.swift */; };
		2A8241D622B3DB760026F443 /* MatrixAdaptable.swift in Sources */ = {isa = PBXBuildFile; fileRef = 2A82418F22B3D51F0026F443 /* MatrixAdaptable.swift */; };
		OBJ_29 /* Package.swift in Sources */ = {isa = PBXBuildFile; fileRef = OBJ_6 /* Package.swift */; };
		OBJ_43 /* PopgenKit.framework in Frameworks */ = {isa = PBXBuildFile; fileRef = "PopgenKit::PopgenKit::Product" /* PopgenKit.framework */; };
/* End PBXBuildFile section */

/* Begin PBXContainerItemProxy section */
		2A27F64F22B0281800EEF569 /* PBXContainerItemProxy */ = {
			isa = PBXContainerItemProxy;
			containerPortal = OBJ_1 /* Project object */;
			proxyType = 1;
			remoteGlobalIDString = "PopgenKit::PopgenKit";
			remoteInfo = PopgenKit;
		};
		2A27F65022B0281900EEF569 /* PBXContainerItemProxy */ = {
			isa = PBXContainerItemProxy;
			containerPortal = OBJ_1 /* Project object */;
			proxyType = 1;
			remoteGlobalIDString = "PopgenKit::PopgenKitTests";
			remoteInfo = PopgenKitTests;
		};
/* End PBXContainerItemProxy section */

/* Begin PBXCopyFilesBuildPhase section */
		2A37361722B294A50028726D /* CopyFiles */ = {
			isa = PBXCopyFilesBuildPhase;
			buildActionMask = 2147483647;
			dstPath = "";
			dstSubfolderSpec = 7;
			files = (
				2A37361822B294AD0028726D /* arapat.csv in CopyFiles */,
			);
			runOnlyForDeploymentPostprocessing = 0;
		};
		2A37361922B294DE0028726D /* CopyFiles */ = {
			isa = PBXCopyFilesBuildPhase;
			buildActionMask = 2147483647;
			dstPath = "";
			dstSubfolderSpec = 7;
			files = (
				2A37361A22B294E50028726D /* arapat.csv in CopyFiles */,
			);
			runOnlyForDeploymentPostprocessing = 0;
		};
/* End PBXCopyFilesBuildPhase section */

/* Begin PBXFileReference section */
		2A27F66722B028A400EEF569 /* PopgenKit.h */ = {isa = PBXFileReference; fileEncoding = 4; lastKnownFileType = sourcecode.c.h; path = PopgenKit.h; sourceTree = "<group>"; };
		2A27F66922B028A400EEF569 /* Frequencies.swift */ = {isa = PBXFileReference; fileEncoding = 4; lastKnownFileType = sourcecode.swift; path = Frequencies.swift; sourceTree = "<group>"; };
		2A27F67922B028B900EEF569 /* README.md */ = {isa = PBXFileReference; explicitFileType = net.daringfireball.markdown; fileEncoding = 4; name = README.md; path = "../../Library/Mobile Documents/com~apple~CloudDocs/Programming/PopGenKit/README.md"; sourceTree = "<group>"; };
		2A27F67B22B029FD00EEF569 /* en */ = {isa = PBXFileReference; lastKnownFileType = text; name = en; path = en.lproj/LICENSE; sourceTree = "<group>"; };
		2A27F67D22B02A7000EEF569 /* Info.plist */ = {isa = PBXFileReference; fileEncoding = 4; lastKnownFileType = text.plist.xml; name = Info.plist; path = Sources/Info.plist; sourceTree = "<group>"; };
		2A37361622B293A30028726D /* arapat.csv */ = {isa = PBXFileReference; fileEncoding = 4; lastKnownFileType = text; name = arapat.csv; path = "/Users/rodney/Library/Mobile Documents/com~apple~CloudDocs/Programming/PopGenKit/arapat.csv"; sourceTree = "<absolute>"; };
		2A37361D22B2B65E0028726D /* GeneticDiversityType.swift */ = {isa = PBXFileReference; lastKnownFileType = sourcecode.swift; path = GeneticDiversityType.swift; sourceTree = "<group>"; };
		2A82418D22B3D16A0026F443 /* GeneticDiversity.swift */ = {isa = PBXFileReference; lastKnownFileType = sourcecode.swift; path = GeneticDiversity.swift; sourceTree = "<group>"; };
		2A82418F22B3D51F0026F443 /* MatrixAdaptable.swift */ = {isa = PBXFileReference; lastKnownFileType = sourcecode.swift; path = MatrixAdaptable.swift; sourceTree = "<group>"; };
		2A82419722B3D8520026F443 /* FileIO.swift */ = {isa = PBXFileReference; fileEncoding = 4; lastKnownFileType = sourcecode.swift; name = FileIO.swift; path = Sources/FileIO/FileIO.swift; sourceTree = SOURCE_ROOT; };
		2A82419822B3D8520026F443 /* InputFileFormat.swift */ = {isa = PBXFileReference; fileEncoding = 4; lastKnownFileType = sourcecode.swift; name = InputFileFormat.swift; path = Sources/FileIO/InputFileFormat.swift; sourceTree = SOURCE_ROOT; };
		2A82419D22B3D8680026F443 /* Individual.swift */ = {isa = PBXFileReference; fileEncoding = 4; lastKnownFileType = sourcecode.swift; name = Individual.swift; path = Sources/Genetic/Individual.swift; sourceTree = SOURCE_ROOT; };
		2A82419E22B3D8680026F443 /* Coordinate.swift */ = {isa = PBXFileReference; fileEncoding = 4; lastKnownFileType = sourcecode.swift; name = Coordinate.swift; path = Sources/Genetic/Coordinate.swift; sourceTree = SOURCE_ROOT; };
		2A82419F22B3D8680026F443 /* Locus.swift */ = {isa = PBXFileReference; fileEncoding = 4; lastKnownFileType = sourcecode.swift; name = Locus.swift; path = Sources/Genetic/Locus.swift; sourceTree = SOURCE_ROOT; };
		2A8241A022B3D8680026F443 /* Population.swift */ = {isa = PBXFileReference; fileEncoding = 4; lastKnownFileType = sourcecode.swift; name = Population.swift; path = Sources/Genetic/Population.swift; sourceTree = SOURCE_ROOT; };
		2A8241A122B3D8680026F443 /* Genotype.swift */ = {isa = PBXFileReference; fileEncoding = 4; lastKnownFileType = sourcecode.swift; name = Genotype.swift; path = Sources/Genetic/Genotype.swift; sourceTree = SOURCE_ROOT; };
		2A8241AC22B3D87B0026F443 /* Array.swift */ = {isa = PBXFileReference; fileEncoding = 4; lastKnownFileType = sourcecode.swift; name = Array.swift; path = Sources/Matrix/Array.swift; sourceTree = SOURCE_ROOT; };
		2A8241AD22B3D87B0026F443 /* Vector.swift */ = {isa = PBXFileReference; fileEncoding = 4; lastKnownFileType = sourcecode.swift; name = Vector.swift; path = Sources/Matrix/Vector.swift; sourceTree = SOURCE_ROOT; };
		2A8241AE22B3D87B0026F443 /* Matrix.swift */ = {isa = PBXFileReference; fileEncoding = 4; lastKnownFileType = sourcecode.swift; name = Matrix.swift; path = Sources/Matrix/Matrix.swift; sourceTree = SOURCE_ROOT; };
		2A8241B522B3D8AC0026F443 /* FileIOTests.swift */ = {isa = PBXFileReference; fileEncoding = 4; lastKnownFileType = sourcecode.swift; name = FileIOTests.swift; path = Tests/FileIOTests.swift; sourceTree = "<group>"; };
		2A8241B722B3D8AC0026F443 /* FrequenciesTests.swift */ = {isa = PBXFileReference; fileEncoding = 4; lastKnownFileType = sourcecode.swift; name = FrequenciesTests.swift; path = Tests/FrequenciesTests.swift; sourceTree = "<group>"; };
		2A8241B822B3D8AC0026F443 /* PopulationTests.swift */ = {isa = PBXFileReference; fileEncoding = 4; lastKnownFileType = sourcecode.swift; name = PopulationTests.swift; path = Tests/PopulationTests.swift; sourceTree = "<group>"; };
		2A8241B922B3D8AC0026F443 /* CoordinateTests.swift */ = {isa = PBXFileReference; fileEncoding = 4; lastKnownFileType = sourcecode.swift; name = CoordinateTests.swift; path = Tests/CoordinateTests.swift; sourceTree = "<group>"; };
		2A8241BA22B3D8AC0026F443 /* LocusTests.swift */ = {isa = PBXFileReference; fileEncoding = 4; lastKnownFileType = sourcecode.swift; name = LocusTests.swift; path = Tests/LocusTests.swift; sourceTree = "<group>"; };
		2A8241BB22B3D8AC0026F443 /* IndividualTests.swift */ = {isa = PBXFileReference; fileEncoding = 4; lastKnownFileType = sourcecode.swift; name = IndividualTests.swift; path = Tests/IndividualTests.swift; sourceTree = "<group>"; };
		2A8241BC22B3D8AC0026F443 /* GenotypeTests.swift */ = {isa = PBXFileReference; fileEncoding = 4; lastKnownFileType = sourcecode.swift; name = GenotypeTests.swift; path = Tests/GenotypeTests.swift; sourceTree = "<group>"; };
		2A8241BD22B3D8AC0026F443 /* ArrayTests.swift */ = {isa = PBXFileReference; fileEncoding = 4; lastKnownFileType = sourcecode.swift; name = ArrayTests.swift; path = Tests/ArrayTests.swift; sourceTree = "<group>"; };
		OBJ_6 /* Package.swift */ = {isa = PBXFileReference; explicitFileType = sourcecode.swift; path = Package.swift; sourceTree = "<group>"; };
		"PopgenKit::PopgenKit::Product" /* PopgenKit.framework */ = {isa = PBXFileReference; explicitFileType = wrapper.framework; path = PopgenKit.framework; sourceTree = BUILT_PRODUCTS_DIR; };
		"PopgenKit::PopgenKitTests::Product" /* PopgenKitTests.xctest */ = {isa = PBXFileReference; lastKnownFileType = file; path = PopgenKitTests.xctest; sourceTree = BUILT_PRODUCTS_DIR; };
/* End PBXFileReference section */

/* Begin PBXFrameworksBuildPhase section */
		OBJ_23 /* Frameworks */ = {
			isa = PBXFrameworksBuildPhase;
			buildActionMask = 0;
			files = (
			);
			runOnlyForDeploymentPostprocessing = 0;
		};
		OBJ_42 /* Frameworks */ = {
			isa = PBXFrameworksBuildPhase;
			buildActionMask = 0;
			files = (
				OBJ_43 /* PopgenKit.framework in Frameworks */,
			);
			runOnlyForDeploymentPostprocessing = 0;
		};
/* End PBXFrameworksBuildPhase section */

/* Begin PBXGroup section */
		2A82419422B3D6B90026F443 /* Genetic */ = {
			isa = PBXGroup;
			children = (
				2A82419E22B3D8680026F443 /* Coordinate.swift */,
				2A8241A122B3D8680026F443 /* Genotype.swift */,
				2A82419D22B3D8680026F443 /* Individual.swift */,
				2A82419F22B3D8680026F443 /* Locus.swift */,
				2A8241A022B3D8680026F443 /* Population.swift */,
			);
			path = Genetic;
			sourceTree = "<group>";
		};
		2A82419522B3D6C50026F443 /* FileIO */ = {
			isa = PBXGroup;
			children = (
				2A82419722B3D8520026F443 /* FileIO.swift */,
				2A82419822B3D8520026F443 /* InputFileFormat.swift */,
			);
			path = FileIO;
			sourceTree = "<group>";
		};
		2A82419622B3D6D10026F443 /* Matrix */ = {
			isa = PBXGroup;
			children = (
				2A8241AC22B3D87B0026F443 /* Array.swift */,
				2A8241AE22B3D87B0026F443 /* Matrix.swift */,
				2A8241AD22B3D87B0026F443 /* Vector.swift */,
			);
			path = Matrix;
			sourceTree = "<group>";
		};
		OBJ_10 /* Tests */ = {
			isa = PBXGroup;
			children = (
				2A8241BD22B3D8AC0026F443 /* ArrayTests.swift */,
				2A8241B922B3D8AC0026F443 /* CoordinateTests.swift */,
				2A8241B522B3D8AC0026F443 /* FileIOTests.swift */,
				2A8241B722B3D8AC0026F443 /* FrequenciesTests.swift */,
				2A8241BC22B3D8AC0026F443 /* GenotypeTests.swift */,
				2A8241BB22B3D8AC0026F443 /* IndividualTests.swift */,
				2A8241BA22B3D8AC0026F443 /* LocusTests.swift */,
				2A8241B822B3D8AC0026F443 /* PopulationTests.swift */,
			);
			name = Tests;
			sourceTree = SOURCE_ROOT;
		};
		OBJ_14 /* Products */ = {
			isa = PBXGroup;
			children = (
				"PopgenKit::PopgenKitTests::Product" /* PopgenKitTests.xctest */,
				"PopgenKit::PopgenKit::Product" /* PopgenKit.framework */,
			);
			name = Products;
			sourceTree = BUILT_PRODUCTS_DIR;
		};
		OBJ_5 = {
			isa = PBXGroup;
			children = (
				2A27F67C22B029FD00EEF569 /* LICENSE */,
				2A27F67922B028B900EEF569 /* README.md */,
				OBJ_6 /* Package.swift */,
				OBJ_7 /* Sources */,
				OBJ_10 /* Tests */,
				OBJ_14 /* Products */,
			);
			sourceTree = "<group>";
		};
		OBJ_7 /* Sources */ = {
			isa = PBXGroup;
			children = (
				2A27F66722B028A400EEF569 /* PopgenKit.h */,
				2A37361622B293A30028726D /* arapat.csv */,
				2A27F67D22B02A7000EEF569 /* Info.plist */,
				2A82419422B3D6B90026F443 /* Genetic */,
				2A82419522B3D6C50026F443 /* FileIO */,
				2A82419622B3D6D10026F443 /* Matrix */,
				OBJ_8 /* Analyses */,
			);
			name = Sources;
			sourceTree = SOURCE_ROOT;
		};
		OBJ_8 /* Analyses */ = {
			isa = PBXGroup;
			children = (
				2A27F66922B028A400EEF569 /* Frequencies.swift */,
				2A37361D22B2B65E0028726D /* GeneticDiversityType.swift */,
				2A82418D22B3D16A0026F443 /* GeneticDiversity.swift */,
				2A82418F22B3D51F0026F443 /* MatrixAdaptable.swift */,
			);
			name = Analyses;
			path = Sources/Analyses;
			sourceTree = SOURCE_ROOT;
		};
/* End PBXGroup section */

/* Begin PBXNativeTarget section */
		"PopgenKit::PopgenKit" /* PopgenKit */ = {
			isa = PBXNativeTarget;
			buildConfigurationList = OBJ_18 /* Build configuration list for PBXNativeTarget "PopgenKit" */;
			buildPhases = (
				OBJ_21 /* Sources */,
				OBJ_23 /* Frameworks */,
				2A37361722B294A50028726D /* CopyFiles */,
			);
			buildRules = (
			);
			dependencies = (
			);
			name = PopgenKit;
			productName = PopgenKit;
			productReference = "PopgenKit::PopgenKit::Product" /* PopgenKit.framework */;
			productType = "com.apple.product-type.framework";
		};
		"PopgenKit::PopgenKitTests" /* PopgenKitTests */ = {
			isa = PBXNativeTarget;
			buildConfigurationList = OBJ_36 /* Build configuration list for PBXNativeTarget "PopgenKitTests" */;
			buildPhases = (
				OBJ_39 /* Sources */,
				OBJ_42 /* Frameworks */,
				2A37361922B294DE0028726D /* CopyFiles */,
			);
			buildRules = (
			);
			dependencies = (
				OBJ_44 /* PBXTargetDependency */,
			);
			name = PopgenKitTests;
			productName = PopgenKitTests;
			productReference = "PopgenKit::PopgenKitTests::Product" /* PopgenKitTests.xctest */;
			productType = "com.apple.product-type.bundle.unit-test";
		};
		"PopgenKit::SwiftPMPackageDescription" /* PopgenKitPackageDescription */ = {
			isa = PBXNativeTarget;
			buildConfigurationList = OBJ_25 /* Build configuration list for PBXNativeTarget "PopgenKitPackageDescription" */;
			buildPhases = (
				OBJ_28 /* Sources */,
			);
			buildRules = (
			);
			dependencies = (
			);
			name = PopgenKitPackageDescription;
			productName = PopgenKitPackageDescription;
			productType = "com.apple.product-type.framework";
		};
/* End PBXNativeTarget section */

/* Begin PBXProject section */
		OBJ_1 /* Project object */ = {
			isa = PBXProject;
			attributes = {
				LastSwiftMigration = 9999;
				LastUpgradeCheck = 9999;
			};
			buildConfigurationList = OBJ_2 /* Build configuration list for PBXProject "PopgenKit" */;
			compatibilityVersion = "Xcode 3.2";
			developmentRegion = English;
			hasScannedForEncodings = 0;
			knownRegions = (
				English,
				en,
			);
			mainGroup = OBJ_5;
			productRefGroup = OBJ_14 /* Products */;
			projectDirPath = "";
			projectRoot = "";
			targets = (
				"PopgenKit::PopgenKit" /* PopgenKit */,
				"PopgenKit::SwiftPMPackageDescription" /* PopgenKitPackageDescription */,
				"PopgenKit::PopgenKitPackageTests::ProductTarget" /* PopgenKitPackageTests */,
				"PopgenKit::PopgenKitTests" /* PopgenKitTests */,
			);
		};
/* End PBXProject section */

/* Begin PBXSourcesBuildPhase section */
		OBJ_21 /* Sources */ = {
			isa = PBXSourcesBuildPhase;
			buildActionMask = 0;
			files = (
				2A27F67522B028A400EEF569 /* Frequencies.swift in Sources */,
				2A82419022B3D51F0026F443 /* MatrixAdaptable.swift in Sources */,
				2A82419922B3D8520026F443 /* FileIO.swift in Sources */,
				2A8241A222B3D8680026F443 /* Individual.swift in Sources */,
				2A8241AA22B3D8680026F443 /* Genotype.swift in Sources */,
				2A82419B22B3D8520026F443 /* InputFileFormat.swift in Sources */,
				2A8241AF22B3D87B0026F443 /* Array.swift in Sources */,
				2A82418E22B3D16A0026F443 /* GeneticDiversity.swift in Sources */,
				2A8241A622B3D8680026F443 /* Locus.swift in Sources */,
				2A37361E22B2B65E0028726D /* GeneticDiversityType.swift in Sources */,
				2A8241B122B3D87B0026F443 /* Vector.swift in Sources */,
				2A8241B322B3D87B0026F443 /* Matrix.swift in Sources */,
				2A8241A422B3D8680026F443 /* Coordinate.swift in Sources */,
				2A8241A822B3D8680026F443 /* Population.swift in Sources */,
			);
			runOnlyForDeploymentPostprocessing = 0;
		};
		OBJ_28 /* Sources */ = {
			isa = PBXSourcesBuildPhase;
			buildActionMask = 0;
			files = (
				OBJ_29 /* Package.swift in Sources */,
			);
			runOnlyForDeploymentPostprocessing = 0;
		};
		OBJ_39 /* Sources */ = {
			isa = PBXSourcesBuildPhase;
			buildActionMask = 0;
			files = (
				2A8241C722B3D8AC0026F443 /* CoordinateTests.swift in Sources */,
				2A8241AB22B3D8680026F443 /* Genotype.swift in Sources */,
				2A8241D322B3DB760026F443 /* Frequencies.swift in Sources */,
				2A8241B222B3D87B0026F443 /* Vector.swift in Sources */,
				2A8241CB22B3D8AC0026F443 /* IndividualTests.swift in Sources */,
				2A8241CF22B3D8AD0026F443 /* ArrayTests.swift in Sources */,
				2A8241C922B3D8AC0026F443 /* LocusTests.swift in Sources */,
				2A8241A522B3D8680026F443 /* Coordinate.swift in Sources */,
				2A8241C522B3D8AC0026F443 /* PopulationTests.swift in Sources */,
				2A8241A722B3D8680026F443 /* Locus.swift in Sources */,
				2A8241D522B3DB760026F443 /* GeneticDiversity.swift in Sources */,
				2A8241B022B3D87B0026F443 /* Array.swift in Sources */,
				2A8241A322B3D8680026F443 /* Individual.swift in Sources */,
				2A8241B422B3D87B0026F443 /* Matrix.swift in Sources */,
				2A8241D422B3DB760026F443 /* GeneticDiversityType.swift in Sources */,
				2A8241A922B3D8680026F443 /* Population.swift in Sources */,
				2A8241CD22B3D8AD0026F443 /* GenotypeTests.swift in Sources */,
				2A82419C22B3D8520026F443 /* InputFileFormat.swift in Sources */,
				2A8241D622B3DB760026F443 /* MatrixAdaptable.swift in Sources */,
				2A82419A22B3D8520026F443 /* FileIO.swift in Sources */,
				2A8241C322B3D8AC0026F443 /* FrequenciesTests.swift in Sources */,
				2A8241BF22B3D8AC0026F443 /* FileIOTests.swift in Sources */,
			);
			runOnlyForDeploymentPostprocessing = 0;
		};
/* End PBXSourcesBuildPhase section */

/* Begin PBXTargetDependency section */
		OBJ_34 /* PBXTargetDependency */ = {
			isa = PBXTargetDependency;
			target = "PopgenKit::PopgenKitTests" /* PopgenKitTests */;
			targetProxy = 2A27F65022B0281900EEF569 /* PBXContainerItemProxy */;
		};
		OBJ_44 /* PBXTargetDependency */ = {
			isa = PBXTargetDependency;
			target = "PopgenKit::PopgenKit" /* PopgenKit */;
			targetProxy = 2A27F64F22B0281800EEF569 /* PBXContainerItemProxy */;
		};
/* End PBXTargetDependency section */

/* Begin PBXVariantGroup section */
		2A27F67C22B029FD00EEF569 /* LICENSE */ = {
			isa = PBXVariantGroup;
			children = (
				2A27F67B22B029FD00EEF569 /* en */,
			);
			name = LICENSE;
			sourceTree = "<group>";
		};
/* End PBXVariantGroup section */

/* Begin XCBuildConfiguration section */
		OBJ_19 /* Debug */ = {
			isa = XCBuildConfiguration;
			buildSettings = {
				CURRENT_PROJECT_VERSION = 2;
				ENABLE_TESTABILITY = YES;
				FRAMEWORK_SEARCH_PATHS = (
					"$(inherited)",
					"$(PLATFORM_DIR)/Developer/Library/Frameworks",
				);
				HEADER_SEARCH_PATHS = "$(inherited)";
				INFOPLIST_FILE = PopgenKit.xcodeproj/PopgenKit_Info.plist;
				IPHONEOS_DEPLOYMENT_TARGET = 8.0;
				LD_RUNPATH_SEARCH_PATHS = "$(inherited) $(TOOLCHAIN_DIR)/usr/lib/swift/macosx";
				MACOSX_DEPLOYMENT_TARGET = 10.10;
				OTHER_CFLAGS = "$(inherited)";
				OTHER_LDFLAGS = "$(inherited)";
				OTHER_SWIFT_FLAGS = "$(inherited)";
				PRODUCT_BUNDLE_IDENTIFIER = PopgenKit;
				PRODUCT_MODULE_NAME = "$(TARGET_NAME:c99extidentifier)";
				PRODUCT_NAME = "$(TARGET_NAME:c99extidentifier)";
				SKIP_INSTALL = YES;
				SWIFT_ACTIVE_COMPILATION_CONDITIONS = "$(inherited)";
				SWIFT_VERSION = 5.0;
				TARGET_NAME = PopgenKit;
				TVOS_DEPLOYMENT_TARGET = 9.0;
				WATCHOS_DEPLOYMENT_TARGET = 2.0;
			};
			name = Debug;
		};
		OBJ_20 /* Release */ = {
			isa = XCBuildConfiguration;
			buildSettings = {
				CURRENT_PROJECT_VERSION = 2;
				ENABLE_TESTABILITY = YES;
				FRAMEWORK_SEARCH_PATHS = (
					"$(inherited)",
					"$(PLATFORM_DIR)/Developer/Library/Frameworks",
				);
				HEADER_SEARCH_PATHS = "$(inherited)";
				INFOPLIST_FILE = PopgenKit.xcodeproj/PopgenKit_Info.plist;
				IPHONEOS_DEPLOYMENT_TARGET = 8.0;
				LD_RUNPATH_SEARCH_PATHS = "$(inherited) $(TOOLCHAIN_DIR)/usr/lib/swift/macosx";
				MACOSX_DEPLOYMENT_TARGET = 10.10;
				OTHER_CFLAGS = "$(inherited)";
				OTHER_LDFLAGS = "$(inherited)";
				OTHER_SWIFT_FLAGS = "$(inherited)";
				PRODUCT_BUNDLE_IDENTIFIER = PopgenKit;
				PRODUCT_MODULE_NAME = "$(TARGET_NAME:c99extidentifier)";
				PRODUCT_NAME = "$(TARGET_NAME:c99extidentifier)";
				SKIP_INSTALL = YES;
				SWIFT_ACTIVE_COMPILATION_CONDITIONS = "$(inherited)";
				SWIFT_VERSION = 5.0;
				TARGET_NAME = PopgenKit;
				TVOS_DEPLOYMENT_TARGET = 9.0;
				WATCHOS_DEPLOYMENT_TARGET = 2.0;
			};
			name = Release;
		};
		OBJ_26 /* Debug */ = {
			isa = XCBuildConfiguration;
			buildSettings = {
				CURRENT_PROJECT_VERSION = 2;
				INFOPLIST_FILE = "$(SRCROOT)/Sources/Info.plist";
				LD = /usr/bin/true;
				OTHER_SWIFT_FLAGS = "-swift-version 5 -I $(TOOLCHAIN_DIR)/usr/lib/swift/pm/4_2 -target x86_64-apple-macosx10.10 -sdk /Applications/Xcode.app/Contents/Developer/Platforms/MacOSX.platform/Developer/SDKs/MacOSX10.14.sdk";
				PRODUCT_BUNDLE_IDENTIFIER = PopgenKit;
				SWIFT_VERSION = 5.0;
			};
			name = Debug;
		};
		OBJ_27 /* Release */ = {
			isa = XCBuildConfiguration;
			buildSettings = {
				CURRENT_PROJECT_VERSION = 2;
				INFOPLIST_FILE = "$(SRCROOT)/Sources/Info.plist";
				LD = /usr/bin/true;
				OTHER_SWIFT_FLAGS = "-swift-version 5 -I $(TOOLCHAIN_DIR)/usr/lib/swift/pm/4_2 -target x86_64-apple-macosx10.10 -sdk /Applications/Xcode.app/Contents/Developer/Platforms/MacOSX.platform/Developer/SDKs/MacOSX10.14.sdk";
				PRODUCT_BUNDLE_IDENTIFIER = PopgenKit;
				SWIFT_VERSION = 5.0;
			};
			name = Release;
		};
		OBJ_3 /* Debug */ = {
			isa = XCBuildConfiguration;
			buildSettings = {
				CLANG_ENABLE_OBJC_ARC = YES;
				COMBINE_HIDPI_IMAGES = YES;
				COPY_PHASE_STRIP = NO;
				DEBUG_INFORMATION_FORMAT = dwarf;
				DYLIB_INSTALL_NAME_BASE = "@rpath";
				ENABLE_NS_ASSERTIONS = YES;
				GCC_OPTIMIZATION_LEVEL = 0;
				GCC_PREPROCESSOR_DEFINITIONS = (
					"$(inherited)",
					"SWIFT_PACKAGE=1",
					"DEBUG=1",
				);
				MACOSX_DEPLOYMENT_TARGET = 10.12;
				ONLY_ACTIVE_ARCH = YES;
				OTHER_SWIFT_FLAGS = "-DXcode";
				PRODUCT_NAME = "$(TARGET_NAME)";
				SDKROOT = macosx;
				SUPPORTED_PLATFORMS = "macosx iphoneos iphonesimulator appletvos appletvsimulator watchos watchsimulator";
				SWIFT_ACTIVE_COMPILATION_CONDITIONS = "$(inherited) SWIFT_PACKAGE DEBUG";
				SWIFT_OPTIMIZATION_LEVEL = "-Onone";
				USE_HEADERMAP = NO;
			};
			name = Debug;
		};
		OBJ_32 /* Debug */ = {
			isa = XCBuildConfiguration;
			buildSettings = {
			};
			name = Debug;
		};
		OBJ_33 /* Release */ = {
			isa = XCBuildConfiguration;
			buildSettings = {
			};
			name = Release;
		};
		OBJ_37 /* Debug */ = {
			isa = XCBuildConfiguration;
			buildSettings = {
				CLANG_ENABLE_MODULES = YES;
				EMBEDDED_CONTENT_CONTAINS_SWIFT = YES;
				FRAMEWORK_SEARCH_PATHS = (
					"$(inherited)",
					"$(PLATFORM_DIR)/Developer/Library/Frameworks",
				);
				HEADER_SEARCH_PATHS = "$(inherited)";
				INFOPLIST_FILE = PopgenKit.xcodeproj/PopgenKitTests_Info.plist;
				IPHONEOS_DEPLOYMENT_TARGET = 8.0;
				LD_RUNPATH_SEARCH_PATHS = "$(inherited) @loader_path/../Frameworks @loader_path/Frameworks";
				MACOSX_DEPLOYMENT_TARGET = 10.10;
				OTHER_CFLAGS = "$(inherited)";
				OTHER_LDFLAGS = "$(inherited)";
				OTHER_SWIFT_FLAGS = "$(inherited)";
				SWIFT_ACTIVE_COMPILATION_CONDITIONS = "$(inherited)";
				SWIFT_VERSION = 5.0;
				TARGET_NAME = PopgenKitTests;
				TVOS_DEPLOYMENT_TARGET = 9.0;
				WATCHOS_DEPLOYMENT_TARGET = 2.0;
			};
			name = Debug;
		};
		OBJ_38 /* Release */ = {
			isa = XCBuildConfiguration;
			buildSettings = {
				CLANG_ENABLE_MODULES = YES;
				EMBEDDED_CONTENT_CONTAINS_SWIFT = YES;
				FRAMEWORK_SEARCH_PATHS = (
					"$(inherited)",
					"$(PLATFORM_DIR)/Developer/Library/Frameworks",
				);
				HEADER_SEARCH_PATHS = "$(inherited)";
				INFOPLIST_FILE = PopgenKit.xcodeproj/PopgenKitTests_Info.plist;
				IPHONEOS_DEPLOYMENT_TARGET = 8.0;
				LD_RUNPATH_SEARCH_PATHS = "$(inherited) @loader_path/../Frameworks @loader_path/Frameworks";
				MACOSX_DEPLOYMENT_TARGET = 10.10;
				OTHER_CFLAGS = "$(inherited)";
				OTHER_LDFLAGS = "$(inherited)";
				OTHER_SWIFT_FLAGS = "$(inherited)";
				SWIFT_ACTIVE_COMPILATION_CONDITIONS = "$(inherited)";
				SWIFT_VERSION = 5.0;
				TARGET_NAME = PopgenKitTests;
				TVOS_DEPLOYMENT_TARGET = 9.0;
				WATCHOS_DEPLOYMENT_TARGET = 2.0;
			};
			name = Release;
		};
		OBJ_4 /* Release */ = {
			isa = XCBuildConfiguration;
			buildSettings = {
				CLANG_ENABLE_OBJC_ARC = YES;
				COMBINE_HIDPI_IMAGES = YES;
				COPY_PHASE_STRIP = YES;
				DEBUG_INFORMATION_FORMAT = "dwarf-with-dsym";
				DYLIB_INSTALL_NAME_BASE = "@rpath";
				GCC_OPTIMIZATION_LEVEL = s;
				GCC_PREPROCESSOR_DEFINITIONS = (
					"$(inherited)",
					"SWIFT_PACKAGE=1",
				);
				MACOSX_DEPLOYMENT_TARGET = 10.12;
				OTHER_SWIFT_FLAGS = "-DXcode";
				PRODUCT_NAME = "$(TARGET_NAME)";
				SDKROOT = macosx;
				SUPPORTED_PLATFORMS = "macosx iphoneos iphonesimulator appletvos appletvsimulator watchos watchsimulator";
				SWIFT_ACTIVE_COMPILATION_CONDITIONS = "$(inherited) SWIFT_PACKAGE";
				SWIFT_OPTIMIZATION_LEVEL = "-Owholemodule";
				USE_HEADERMAP = NO;
			};
			name = Release;
		};
/* End XCBuildConfiguration section */

/* Begin XCConfigurationList section */
		OBJ_18 /* Build configuration list for PBXNativeTarget "PopgenKit" */ = {
			isa = XCConfigurationList;
			buildConfigurations = (
				OBJ_19 /* Debug */,
				OBJ_20 /* Release */,
			);
			defaultConfigurationIsVisible = 0;
			defaultConfigurationName = Release;
		};
		OBJ_2 /* Build configuration list for PBXProject "PopgenKit" */ = {
			isa = XCConfigurationList;
			buildConfigurations = (
				OBJ_3 /* Debug */,
				OBJ_4 /* Release */,
			);
			defaultConfigurationIsVisible = 0;
			defaultConfigurationName = Release;
		};
		OBJ_25 /* Build configuration list for PBXNativeTarget "PopgenKitPackageDescription" */ = {
			isa = XCConfigurationList;
			buildConfigurations = (
				OBJ_26 /* Debug */,
				OBJ_27 /* Release */,
			);
			defaultConfigurationIsVisible = 0;
			defaultConfigurationName = Release;
		};
		OBJ_31 /* Build configuration list for PBXAggregateTarget "PopgenKitPackageTests" */ = {
			isa = XCConfigurationList;
			buildConfigurations = (
				OBJ_32 /* Debug */,
				OBJ_33 /* Release */,
			);
			defaultConfigurationIsVisible = 0;
			defaultConfigurationName = Release;
		};
		OBJ_36 /* Build configuration list for PBXNativeTarget "PopgenKitTests" */ = {
			isa = XCConfigurationList;
			buildConfigurations = (
				OBJ_37 /* Debug */,
				OBJ_38 /* Release */,
			);
			defaultConfigurationIsVisible = 0;
			defaultConfigurationName = Release;
		};
/* End XCConfigurationList section */
	};
	rootObject = OBJ_1 /* Project object */;
}
